
Microsoft Visual Studio Solution File, Format Version 12.00
# Visual Studio Version 17
VisualStudioVersion = 17.9.34902.65
MinimumVisualStudioVersion = 10.0.40219.1
Project("{FAE04EC0-301F-11D3-BF4B-00C04F79EFBC}") = "Hirosy", "Hirosy\Hirosy.csproj", "{95468C10-87BA-4621-877A-35A3A0C50B7F}"
EndProject
Global
	GlobalSection(SolutionConfigurationPlatforms) = preSolution
		Debug|Any CPU = Debug|Any CPU
		Release|Any CPU = Release|Any CPU
	EndGlobalSection
	GlobalSection(ProjectConfigurationPlatforms) = postSolution
		{95468C10-87BA-4621-877A-35A3A0C50B7F}.Debug|Any CPU.ActiveCfg = Debug|Any CPU
		{95468C10-87BA-4621-877A-35A3A0C50B7F}.Debug|Any CPU.Build.0 = Debug|Any CPU
		{95468C10-87BA-4621-877A-35A3A0C50B7F}.Release|Any CPU.ActiveCfg = Release|Any CPU
		{95468C10-87BA-4621-877A-35A3A0C50B7F}.Release|Any CPU.Build.0 = Release|Any CPU
	EndGlobalSection
	GlobalSection(SolutionProperties) = preSolution
		HideSolutionNode = FALSE
	EndGlobalSection
	GlobalSection(ExtensibilityGlobals) = postSolution
		SolutionGuid = {62A79837-217E-4A5E-A5CB-2090A3FBE53C}
	EndGlobalSection
EndGlobal
